{
  "name": "performance-monitor",
  "version": "1.0.0",
  "lockfileVersion": 1,
  "requires": true,
  "dependencies": {
    "@types/node": {
      "version": "15.6.2",
      "resolved": "https://registry.nlark.com/@types/node/download/@types/node-15.6.2.tgz",
      "integrity": "sha1-xh1J84r3DaMkJLUyLu4h+X5icXU=",
      "dev": true
    },
    "typescript": {
      "version": "4.3.2",
      "resolved": "https://registry.nlark.com/typescript/download/typescript-4.3.2.tgz?cache=0&other_urls=https%3A%2F%2Fregistry.nlark.com%2Ftypescript%2Fdownload%2Ftypescript-4.3.2.tgz",
      "integrity": "sha1-OZqxiqxFgC1vJJjeUFT8u+cWqAU="
    }
  }
}
